// !$*UTF8*$!
{
	archiveVersion = 1;
	classes = {
	};
	objectVersion = 50;
	objects = {

/* Begin PBXBuildFile section */
		A51EADDB2586B27A005D89CA /* AppDelegate.swift in Sources */ = {isa = PBXBuildFile; fileRef = A51EADDA2586B27A005D89CA /* AppDelegate.swift */; };
		A51EADDD2586B27A005D89CA /* SceneDelegate.swift in Sources */ = {isa = PBXBuildFile; fileRef = A51EADDC2586B27A005D89CA /* SceneDelegate.swift */; };
		A51EADDF2586B27A005D89CA /* MapController.swift in Sources */ = {isa = PBXBuildFile; fileRef = A51EADDE2586B27A005D89CA /* MapController.swift */; };
		A51EADE22586B27A005D89CA /* Main.storyboard in Resources */ = {isa = PBXBuildFile; fileRef = A51EADE02586B27A005D89CA /* Main.storyboard */; };
		A51EADE42586B27C005D89CA /* Assets.xcassets in Resources */ = {isa = PBXBuildFile; fileRef = A51EADE32586B27C005D89CA /* Assets.xcassets */; };
		A51EADE72586B27C005D89CA /* LaunchScreen.storyboard in Resources */ = {isa = PBXBuildFile; fileRef = A51EADE52586B27C005D89CA /* LaunchScreen.storyboard */; };
		A54CD3D0258752EF009110EA /* MapViewViewController.swift in Sources */ = {isa = PBXBuildFile; fileRef = A54CD3CF258752EF009110EA /* MapViewViewController.swift */; };
/* End PBXBuildFile section */

/* Begin PBXFileReference section */
		A51EADD72586B27A005D89CA /* UserLocation.app */ = {isa = PBXFileReference; explicitFileType = wrapper.application; includeInIndex = 0; path = UserLocation.app; sourceTree = BUILT_PRODUCTS_DIR; };
		A51EADDA2586B27A005D89CA /* AppDelegate.swift */ = {isa = PBXFileReference; lastKnownFileType = sourcecode.swift; path = AppDelegate.swift; sourceTree = "<group>"; };
		A51EADDC2586B27A005D89CA /* SceneDelegate.swift */ = {isa = PBXFileReference; lastKnownFileType = sourcecode.swift; path = SceneDelegate.swift; sourceTree = "<group>"; };
		A51EADDE2586B27A005D89CA /* MapController.swift */ = {isa = PBXFileReference; lastKnownFileType = sourcecode.swift; path = MapController.swift; sourceTree = "<group>"; };
		A51EADE12586B27A005D89CA /* Base */ = {isa = PBXFileReference; lastKnownFileType = file.storyboard; name = Base; path = Base.lproj/Main.storyboard; sourceTree = "<group>"; };
		A51EADE32586B27C005D89CA /* Assets.xcassets */ = {isa = PBXFileReference; lastKnownFileType = folder.assetcatalog; path = Assets.xcassets; sourceTree = "<group>"; };
		A51EADE62586B27C005D89CA /* Base */ = {isa = PBXFileReference; lastKnownFileType = file.storyboard; name = Base; path = Base.lproj/LaunchScreen.storyboard; sourceTree = "<group>"; };
		A51EADE82586B27C005D89CA /* Info.plist */ = {isa = PBXFileReference; lastKnownFileType = text.plist.xml; path = Info.plist; sourceTree = "<group>"; };
		A54CD3CF258752EF009110EA /* MapViewViewController.swift */ = {isa = PBXFileReference; lastKnownFileType = sourcecode.swift; path = MapViewViewController.swift; sourceTree = "<group>"; };
/* End PBXFileReference section */

/* Begin PBXFrameworksBuildPhase section */
		A51EADD42586B27A005D89CA /* Frameworks */ = {
			isa = PBXFrameworksBuildPhase;
			buildActionMask = 2147483647;
			files = (
			);
			runOnlyForDeploymentPostprocessing = 0;
		};
/* End PBXFrameworksBuildPhase section */

/* Begin PBXGroup section */
		A51EADCE2586B27A005D89CA = {
			isa = PBXGroup;
			children = (
				A51EADD92586B27A005D89CA /* UserLocation */,
				A51EADD82586B27A005D89CA /* Products */,
			);
			sourceTree = "<group>";
		};
		A51EADD82586B27A005D89CA /* Products */ = {
			isa = PBXGroup;
			children = (
				A51EADD72586B27A005D89CA /* UserLocation.app */,
			);
			name = Products;
			sourceTree = "<group>";
		};
		A51EADD92586B27A005D89CA /* UserLocation */ = {
			isa = PBXGroup;
			children = (
				A51EADDA2586B27A005D89CA /* AppDelegate.swift */,
				A51EADDC2586B27A005D89CA /* SceneDelegate.swift */,
				A51EADDE2586B27A005D89CA /* MapController.swift */,
				A51EADE02586B27A005D89CA /* Main.storyboard */,
				A51EADE32586B27C005D89CA /* Assets.xcassets */,
				A51EADE52586B27C005D89CA /* LaunchScreen.storyboard */,
				A51EADE82586B27C005D89CA /* Info.plist */,
				A54CD3CF258752EF009110EA /* MapViewViewController.swift */,
			);
			path = UserLocation;
			sourceTree = "<group>";
		};
/* End PBXGroup section */

/* Begin PBXNativeTarget section */
		A51EADD62586B27A005D89CA /* UserLocation */ = {
			isa = PBXNativeTarget;
			buildConfigurationList = A51EADEB2586B27C005D89CA /* Build configuration list for PBXNativeTarget "UserLocation" */;
			buildPhases = (
				A51EADD32586B27A005D89CA /* Sources */,
				A51EADD42586B27A005D89CA /* Frameworks */,
				A51EADD52586B27A005D89CA /* Resources */,
			);
			buildRules = (
			);
			dependencies = (
			);
			name = UserLocation;
			productName = UserLocation;
			productReference = A51EADD72586B27A005D89CA /* UserLocation.app */;
			productType = "com.apple.product-type.application";
		};
/* End PBXNativeTarget section */

/* Begin PBXProject section */
		A51EADCF2586B27A005D89CA /* Project object */ = {
			isa = PBXProject;
			attributes = {
				LastSwiftUpdateCheck = 1220;
				LastUpgradeCheck = 1220;
				TargetAttributes = {
					A51EADD62586B27A005D89CA = {
						CreatedOnToolsVersion = 12.2;
					};
				};
			};
			buildConfigurationList = A51EADD22586B27A005D89CA /* Build configuration list for PBXProject "UserLocation" */;
			compatibilityVersion = "Xcode 9.3";
			developmentRegion = en;
			hasScannedForEncodings = 0;
			knownRegions = (
				en,
				Base,
			);
			mainGroup = A51EADCE2586B27A005D89CA;
			productRefGroup = A51EADD82586B27A005D89CA /* Products */;
			projectDirPath = "";
			projectRoot = "";
			targets = (
				A51EADD62586B27A005D89CA /* UserLocation */,
			);
		};
/* End PBXProject section */

/* Begin PBXResourcesBuildPhase section */
		A51EADD52586B27A005D89CA /* Resources */ = {
			isa = PBXResourcesBuildPhase;
			buildActionMask = 2147483647;
			files = (
				A51EADE72586B27C005D89CA /* LaunchScreen.storyboard in Resources */,
				A51EADE42586B27C005D89CA /* Assets.xcassets in Resources */,
				A51EADE22586B27A005D89CA /* Main.storyboard in Resources */,
			);
			runOnlyForDeploymentPostprocessing = 0;
		};
/* End PBXResourcesBuildPhase section */

/* Begin PBXSourcesBuildPhase section */
		A51EADD32586B27A005D89CA /* Sources */ = {
			isa = PBXSourcesBuildPhase;
			buildActionMask = 2147483647;
			files = (
				A51EADDF2586B27A005D89CA /* MapController.swift in Sources */,
				A51EADDB2586B27A005D89CA /* AppDelegate.swift in Sources */,
				A54CD3D0258752EF009110EA /* MapViewViewController.swift in Sources */,
				A51EADDD2586B27A005D89CA /* SceneDelegate.swift in Sources */,
			);
			runOnlyForDeploymentPostprocessing = 0;
		};
/* End PBXSourcesBuildPhase section */

/* Begin PBXVariantGroup section */
		A51EADE02586B27A005D89CA /* Main.storyboard */ = {
			isa = PBXVariantGroup;
			children = (
				A51EADE12586B27A005D89CA /* Base */,
			);
			name = Main.storyboard;
			sourceTree = "<group>";
		};
		A51EADE52586B27C005D89CA /* LaunchScreen.storyboard */ = {
			isa = PBXVariantGroup;
			children = (
				A51EADE62586B27C005D89CA /* Base */,
			);
			name = LaunchScreen.storyboard;
			sourceTree = "<group>";
		};
/* End PBXVariantGroup section */

/* Begin XCBuildConfiguration section */
		A51EADE92586B27C005D89CA /* Debug */ = {
			isa = XCBuildConfiguration;
			buildSettings = {
				ALWAYS_SEARCH_USER_PATHS = NO;
				CLANG_ANALYZER_NONNULL = YES;
				CLANG_ANALYZER_NUMBER_OBJECT_CONVERSION = YES_AGGRESSIVE;
				CLANG_CXX_LANGUAGE_STANDARD = "gnu++14";
				CLANG_CXX_LIBRARY = "libc++";
				CLANG_ENABLE_MODULES = YES;
				CLANG_ENABLE_OBJC_ARC = YES;
				CLANG_ENABLE_OBJC_WEAK = YES;
				CLANG_WARN_BLOCK_CAPTURE_AUTORELEASING = YES;
				CLANG_WARN_BOOL_CONVERSION = YES;
				CLANG_WARN_COMMA = YES;
				CLANG_WARN_CONSTANT_CONVERSION = YES;
				CLANG_WARN_DEPRECATED_OBJC_IMPLEMENTATIONS = YES;
				CLANG_WARN_DIRECT_OBJC_ISA_USAGE = YES_ERROR;
				CLANG_WARN_DOCUMENTATION_COMMENTS = YES;
				CLANG_WARN_EMPTY_BODY = YES;
				CLANG_WARN_ENUM_CONVERSION = YES;
				CLANG_WARN_INFINITE_RECURSION = YES;
				CLANG_WARN_INT_CONVERSION = YES;
				CLANG_WARN_NON_LITERAL_NULL_CONVERSION = YES;
				CLANG_WARN_OBJC_IMPLICIT_RETAIN_SELF = YES;
				CLANG_WARN_OBJC_LITERAL_CONVERSION = YES;
				CLANG_WARN_OBJC_ROOT_CLASS = YES_ERROR;
				CLANG_WARN_QUOTED_INCLUDE_IN_FRAMEWORK_HEADER = YES;
				CLANG_WARN_RANGE_LOOP_ANALYSIS = YES;
				CLANG_WARN_STRICT_PROTOTYPES = YES;
				CLANG_WARN_SUSPICIOUS_MOVE = YES;
				CLANG_WARN_UNGUARDED_AVAILABILITY = YES_AGGRESSIVE;
				CLANG_WARN_UNREACHABLE_CODE = YES;
				CLANG_WARN__DUPLICATE_METHOD_MATCH = YES;
				COPY_PHASE_STRIP = NO;
				DEBUG_INFORMATION_FORMAT = dwarf;
				ENABLE_STRICT_OBJC_MSGSEND = YES;
				ENABLE_TESTABILITY = YES;
				GCC_C_LANGUAGE_STANDARD = gnu11;
				GCC_DYNAMIC_NO_PIC = NO;
				GCC_NO_COMMON_BLOCKS = YES;
				GCC_OPTIMIZATION_LEVEL = 0;
				GCC_PREPROCESSOR_DEFINITIONS = (
					"DEBUG=1",
					"$(inherited)",
				);
				GCC_WARN_64_TO_32_BIT_CONVERSION = YES;
				GCC_WARN_ABOUT_RETURN_TYPE = YES_ERROR;
				GCC_WARN_UNDECLARED_SELECTOR = YES;
				GCC_WARN_UNINITIALIZED_AUTOS = YES_AGGRESSIVE;
				GCC_WARN_UNUSED_FUNCTION = YES;
				GCC_WARN_UNUSED_VARIABLE = YES;
				IPHONEOS_DEPLOYMENT_TARGET = 14.2;
				MTL_ENABLE_DEBUG_INFO = INCLUDE_SOURCE;
				MTL_FAST_MATH = YES;
				ONLY_ACTIVE_ARCH = YES;
				SDKROOT = iphoneos;
				SWIFT_ACTIVE_COMPILATION_CONDITIONS = DEBUG;
				SWIFT_OPTIMIZATION_LEVEL = "-Onone";
			};
			name = Debug;
		};
		A51EADEA2586B27C005D89CA /* Release */ = {
			isa = XCBuildConfiguration;
			buildSettings = {
				ALWAYS_SEARCH_USER_PATHS = NO;
				CLANG_ANALYZER_NONNULL = YES;
				CLANG_ANALYZER_NUMBER_OBJECT_CONVERSION = YES_AGGRESSIVE;
				CLANG_CXX_LANGUAGE_STANDARD = "gnu++14";
				CLANG_CXX_LIBRARY = "libc++";
				CLANG_ENABLE_MODULES = YES;
				CLANG_ENABLE_OBJC_ARC = YES;
				CLANG_ENABLE_OBJC_WEAK = YES;
				CLANG_WARN_BLOCK_CAPTURE_AUTORELEASING = YES;
				CLANG_WARN_BOOL_CONVERSION = YES;
				CLANG_WARN_COMMA = YES;
				CLANG_WARN_CONSTANT_CONVERSION = YES;
				CLANG_WARN_DEPRECATED_OBJC_IMPLEMENTATIONS = YES;
				CLANG_WARN_DIRECT_OBJC_ISA_USAGE = YES_ERROR;
				CLANG_WARN_DOCUMENTATION_COMMENTS = YES;
				CLANG_WARN_EMPTY_BODY = YES;
				CLANG_WARN_ENUM_CONVERSION = YES;
				CLANG_WARN_INFINITE_RECURSION = YES;
				CLANG_WARN_INT_CONVERSION = YES;
				CLANG_WARN_NON_LITERAL_NULL_CONVERSION = YES;
				CLANG_WARN_OBJC_IMPLICIT_RETAIN_SELF = YES;
				CLANG_WARN_OBJC_LITERAL_CONVERSION = YES;
				CLANG_WARN_OBJC_ROOT_CLASS = YES_ERROR;
				CLANG_WARN_QUOTED_INCLUDE_IN_FRAMEWORK_HEADER = YES;
				CLANG_WARN_RANGE_LOOP_ANALYSIS = YES;
				CLANG_WARN_STRICT_PROTOTYPES = YES;
				CLANG_WARN_SUSPICIOUS_MOVE = YES;
				CLANG_WARN_UNGUARDED_AVAILABILITY = YES_AGGRESSIVE;
				CLANG_WARN_UNREACHABLE_CODE = YES;
				CLANG_WARN__DUPLICATE_METHOD_MATCH = YES;
				COPY_PHASE_STRIP = NO;
				DEBUG_INFORMATION_FORMAT = "dwarf-with-dsym";
				ENABLE_NS_ASSERTIONS = NO;
				ENABLE_STRICT_OBJC_MSGSEND = YES;
				GCC_C_LANGUAGE_STANDARD = gnu11;
				GCC_NO_COMMON_BLOCKS = YES;
				GCC_WARN_64_TO_32_BIT_CONVERSION = YES;
				GCC_WARN_ABOUT_RETURN_TYPE = YES_ERROR;
				GCC_WARN_UNDECLARED_SELECTOR = YES;
				GCC_WARN_UNINITIALIZED_AUTOS = YES_AGGRESSIVE;
				GCC_WARN_UNUSED_FUNCTION = YES;
				GCC_WARN_UNUSED_VARIABLE = YES;
				IPHONEOS_DEPLOYMENT_TARGET = 14.2;
				MTL_ENABLE_DEBUG_INFO = NO;
				MTL_FAST_MATH = YES;
				SDKROOT = iphoneos;
				SWIFT_COMPILATION_MODE = wholemodule;
				SWIFT_OPTIMIZATION_LEVEL = "-O";
				VALIDATE_PRODUCT = YES;
			};
			name = Release;
		};
		A51EADEC2586B27C005D89CA /* Debug */ = {
			isa = XCBuildConfiguration;
			buildSettings = {
				ASSETCATALOG_COMPILER_APPICON_NAME = AppIcon;
				ASSETCATALOG_COMPILER_GLOBAL_ACCENT_COLOR_NAME = AccentColor;
				CODE_SIGN_STYLE = Automatic;
				DEVELOPMENT_TEAM = GUF6JQVK4V;
				INFOPLIST_FILE = UserLocation/Info.plist;
				LD_RUNPATH_SEARCH_PATHS = (
					"$(inherited)",
					"@executable_path/Frameworks",
				);
				PRODUCT_BUNDLE_IDENTIFIER = com.chsherbaksergey.UserLocation;
				PRODUCT_NAME = "$(TARGET_NAME)";
				SWIFT_VERSION = 5.0;
				TARGETED_DEVICE_FAMILY = "1,2";
			};
			name = Debug;
		};
		A51EADED2586B27C005D89CA /* Release */ = {
			isa = XCBuildConfiguration;
			buildSettings = {
				ASSETCATALOG_COMPILER_APPICON_NAME = AppIcon;
				ASSETCATALOG_COMPILER_GLOBAL_ACCENT_COLOR_NAME = AccentColor;
				CODE_SIGN_STYLE = Automatic;
				DEVELOPMENT_TEAM = GUF6JQVK4V;
				INFOPLIST_FILE = UserLocation/Info.plist;
				LD_RUNPATH_SEARCH_PATHS = (
					"$(inherited)",
					"@executable_path/Frameworks",
				);
				PRODUCT_BUNDLE_IDENTIFIER = com.chsherbaksergey.UserLocation;
				PRODUCT_NAME = "$(TARGET_NAME)";
				SWIFT_VERSION = 5.0;
				TARGETED_DEVICE_FAMILY = "1,2";
			};
			name = Release;
		};
/* End XCBuildConfiguration section */

/* Begin XCConfigurationList section */
		A51EADD22586B27A005D89CA /* Build configuration list for PBXProject "UserLocation" */ = {
			isa = XCConfigurationList;
			buildConfigurations = (
				A51EADE92586B27C005D89CA /* Debug */,
				A51EADEA2586B27C005D89CA /* Release */,
			);
			defaultConfigurationIsVisible = 0;
			defaultConfigurationName = Release;
		};
		A51EADEB2586B27C005D89CA /* Build configuration list for PBXNativeTarget "UserLocation" */ = {
			isa = XCConfigurationList;
			buildConfigurations = (
				A51EADEC2586B27C005D89CA /* Debug */,
				A51EADED2586B27C005D89CA /* Release */,
			);
			defaultConfigurationIsVisible = 0;
			defaultConfigurationName = Release;
		};
/* End XCConfigurationList section */
	};
	rootObject = A51EADCF2586B27A005D89CA /* Project object */;
}
